
Microsoft Visual Studio Solution File, Format Version 12.00
# Visual Studio Version 16
VisualStudioVersion = 16.0.30011.22
MinimumVisualStudioVersion = 10.0.40219.1
Project("{FAE04EC0-301F-11D3-BF4B-00C04F79EFBC}") = "TrelloParcelTracker", "TrelloParcelTracker.csproj", "{EF45CFB5-0923-4EED-8680-E8F9F43CF595}"
EndProject
Global
	GlobalSection(SolutionConfigurationPlatforms) = preSolution
		Debug|Any CPU = Debug|Any CPU
		Release|Any CPU = Release|Any CPU
	EndGlobalSection
	GlobalSection(ProjectConfigurationPlatforms) = postSolution
		{EF45CFB5-0923-4EED-8680-E8F9F43CF595}.Debug|Any CPU.ActiveCfg = Debug|Any CPU
		{EF45CFB5-0923-4EED-8680-E8F9F43CF595}.Debug|Any CPU.Build.0 = Debug|Any CPU
		{EF45CFB5-0923-4EED-8680-E8F9F43CF595}.Release|Any CPU.ActiveCfg = Release|Any CPU
		{EF45CFB5-0923-4EED-8680-E8F9F43CF595}.Release|Any CPU.Build.0 = Release|Any CPU
	EndGlobalSection
	GlobalSection(SolutionProperties) = preSolution
		HideSolutionNode = FALSE
	EndGlobalSection
	GlobalSection(ExtensibilityGlobals) = postSolution
		SolutionGuid = {A803897E-40D2-4811-A0EB-8BD7C0212C9E}
	EndGlobalSection
EndGlobal
